
Microsoft Visual Studio Solution File, Format Version 12.00
# Visual Studio Version 17
VisualStudioVersion = 17.10.35122.118
MinimumVisualStudioVersion = 10.0.40219.1
Project("{2150E333-8FDC-42A3-9474-1A3956D46DE8}") = "src", "src", "{4018E3EB-248B-435C-A6FB-5DCE97E40C86}"
EndProject
Project("{2150E333-8FDC-42A3-9474-1A3956D46DE8}") = "Core", "Core", "{30F7DB35-F0D7-49F4-8208-804031E13B05}"
EndProject
Project("{2150E333-8FDC-42A3-9474-1A3956D46DE8}") = "Api", "Api", "{BAB50E5E-5C9F-4A9E-80D6-F0A71EFB8667}"
EndProject
Project("{2150E333-8FDC-42A3-9474-1A3956D46DE8}") = "Infrastructure", "Infrastructure", "{6EB84027-47BB-4B63-870E-1EB8F1AB4C61}"
EndProject
Project("{2150E333-8FDC-42A3-9474-1A3956D46DE8}") = "Test", "Test", "{CEC8D4BB-423E-4168-99E1-220DCAE2D5DA}"
EndProject
Project("{2150E333-8FDC-42A3-9474-1A3956D46DE8}") = "WebUI", "WebUI", "{AAE3AD3B-F743-4CE1-B518-28CF1A2762C0}"
EndProject
Project("{9A19103F-16F7-4668-BE54-9A1E7A4F7556}") = "Blazing.Domain", "Blazing.Domain\Blazing.Domain.csproj", "{BCCFF25B-C8A8-448C-8851-E5179755E53B}"
EndProject
Project("{9A19103F-16F7-4668-BE54-9A1E7A4F7556}") = "Blazing.Test", "Blazing.Test\Blazing.Test.csproj", "{83186579-60B7-401B-A670-B1569755B198}"
EndProject
Project("{9A19103F-16F7-4668-BE54-9A1E7A4F7556}") = "Blazing.Application", "Blazing.Application\Blazing.Application.csproj", "{37727826-FE2A-4B5E-AFF2-FACB4C2873B0}"
EndProject
Project("{FAE04EC0-301F-11D3-BF4B-00C04F79EFBC}") = "Blazing.Api", "Blazing.Api\Blazing.Api.csproj", "{8033132F-8C6C-4101-BC6A-E1B7C34D5E4A}"
EndProject
Project("{FAE04EC0-301F-11D3-BF4B-00C04F79EFBC}") = "Blazing.infrastructure", "Blazing.infrastructure\Blazing.infrastructure.csproj", "{00532580-A9E9-439D-ABA9-23356D56A2F5}"
EndProject
Global
	GlobalSection(SolutionConfigurationPlatforms) = preSolution
		Debug|Any CPU = Debug|Any CPU
		Release|Any CPU = Release|Any CPU
	EndGlobalSection
	GlobalSection(ProjectConfigurationPlatforms) = postSolution
		{BCCFF25B-C8A8-448C-8851-E5179755E53B}.Debug|Any CPU.ActiveCfg = Debug|Any CPU
		{BCCFF25B-C8A8-448C-8851-E5179755E53B}.Debug|Any CPU.Build.0 = Debug|Any CPU
		{BCCFF25B-C8A8-448C-8851-E5179755E53B}.Release|Any CPU.ActiveCfg = Release|Any CPU
		{BCCFF25B-C8A8-448C-8851-E5179755E53B}.Release|Any CPU.Build.0 = Release|Any CPU
		{83186579-60B7-401B-A670-B1569755B198}.Debug|Any CPU.ActiveCfg = Debug|Any CPU
		{83186579-60B7-401B-A670-B1569755B198}.Debug|Any CPU.Build.0 = Debug|Any CPU
		{83186579-60B7-401B-A670-B1569755B198}.Release|Any CPU.ActiveCfg = Release|Any CPU
		{83186579-60B7-401B-A670-B1569755B198}.Release|Any CPU.Build.0 = Release|Any CPU
		{37727826-FE2A-4B5E-AFF2-FACB4C2873B0}.Debug|Any CPU.ActiveCfg = Debug|Any CPU
		{37727826-FE2A-4B5E-AFF2-FACB4C2873B0}.Debug|Any CPU.Build.0 = Debug|Any CPU
		{37727826-FE2A-4B5E-AFF2-FACB4C2873B0}.Release|Any CPU.ActiveCfg = Release|Any CPU
		{37727826-FE2A-4B5E-AFF2-FACB4C2873B0}.Release|Any CPU.Build.0 = Release|Any CPU
		{8033132F-8C6C-4101-BC6A-E1B7C34D5E4A}.Debug|Any CPU.ActiveCfg = Debug|Any CPU
		{8033132F-8C6C-4101-BC6A-E1B7C34D5E4A}.Debug|Any CPU.Build.0 = Debug|Any CPU
		{8033132F-8C6C-4101-BC6A-E1B7C34D5E4A}.Release|Any CPU.ActiveCfg = Release|Any CPU
		{8033132F-8C6C-4101-BC6A-E1B7C34D5E4A}.Release|Any CPU.Build.0 = Release|Any CPU
		{00532580-A9E9-439D-ABA9-23356D56A2F5}.Debug|Any CPU.ActiveCfg = Debug|Any CPU
		{00532580-A9E9-439D-ABA9-23356D56A2F5}.Debug|Any CPU.Build.0 = Debug|Any CPU
		{00532580-A9E9-439D-ABA9-23356D56A2F5}.Release|Any CPU.ActiveCfg = Release|Any CPU
		{00532580-A9E9-439D-ABA9-23356D56A2F5}.Release|Any CPU.Build.0 = Release|Any CPU
	EndGlobalSection
	GlobalSection(SolutionProperties) = preSolution
		HideSolutionNode = FALSE
	EndGlobalSection
	GlobalSection(NestedProjects) = preSolution
		{30F7DB35-F0D7-49F4-8208-804031E13B05} = {4018E3EB-248B-435C-A6FB-5DCE97E40C86}
		{BAB50E5E-5C9F-4A9E-80D6-F0A71EFB8667} = {4018E3EB-248B-435C-A6FB-5DCE97E40C86}
		{6EB84027-47BB-4B63-870E-1EB8F1AB4C61} = {4018E3EB-248B-435C-A6FB-5DCE97E40C86}
		{CEC8D4BB-423E-4168-99E1-220DCAE2D5DA} = {4018E3EB-248B-435C-A6FB-5DCE97E40C86}
		{AAE3AD3B-F743-4CE1-B518-28CF1A2762C0} = {4018E3EB-248B-435C-A6FB-5DCE97E40C86}
		{BCCFF25B-C8A8-448C-8851-E5179755E53B} = {30F7DB35-F0D7-49F4-8208-804031E13B05}
		{83186579-60B7-401B-A670-B1569755B198} = {CEC8D4BB-423E-4168-99E1-220DCAE2D5DA}
		{37727826-FE2A-4B5E-AFF2-FACB4C2873B0} = {30F7DB35-F0D7-49F4-8208-804031E13B05}
		{8033132F-8C6C-4101-BC6A-E1B7C34D5E4A} = {BAB50E5E-5C9F-4A9E-80D6-F0A71EFB8667}
		{00532580-A9E9-439D-ABA9-23356D56A2F5} = {6EB84027-47BB-4B63-870E-1EB8F1AB4C61}
	EndGlobalSection
	GlobalSection(ExtensibilityGlobals) = postSolution
		SolutionGuid = {4788DC1A-A668-48EF-A2A5-BC53557EF6FB}
	EndGlobalSection
EndGlobal
