Microsoft Visual Studio Solution File, Format Version 12.00
# Visual Studio Version 17
VisualStudioVersion = 17.10.35122.118
MinimumVisualStudioVersion = 10.0.40219.1
Project("{2150E333-8FDC-42A3-9474-1A3956D46DE8}") = "src", "src", "{4018E3EB-248B-435C-A6FB-5DCE97E40C86}"
EndProject
Project("{2150E333-8FDC-42A3-9474-1A3956D46DE8}") = "Core", "Core", "{30F7DB35-F0D7-49F4-8208-804031E13B05}"
EndProject
Project("{2150E333-8FDC-42A3-9474-1A3956D46DE8}") = "Api", "Api", "{BAB50E5E-5C9F-4A9E-80D6-F0A71EFB8667}"
EndProject
Project("{2150E333-8FDC-42A3-9474-1A3956D46DE8}") = "Test", "Test", "{CEC8D4BB-423E-4168-99E1-220DCAE2D5DA}"
EndProject
Project("{9A19103F-16F7-4668-BE54-9A1E7A4F7556}") = "Blazing.Domain", "Blazing.Domain\Blazing.Domain.csproj", "{BCCFF25B-C8A8-448C-8851-E5179755E53B}"
EndProject
Project("{9A19103F-16F7-4668-BE54-9A1E7A4F7556}") = "Blazing.Test", "Blazing.Test\Blazing.Test.csproj", "{83186579-60B7-401B-A670-B1569755B198}"
EndProject
Project("{9A19103F-16F7-4668-BE54-9A1E7A4F7556}") = "Blazing.Application", "Blazing.Application\Blazing.Application.csproj", "{37727826-FE2A-4B5E-AFF2-FACB4C2873B0}"
EndProject
Project("{9A19103F-16F7-4668-BE54-9A1E7A4F7556}") = "Blazing.Api", "Blazing.Api\Blazing.Api.csproj", "{8033132F-8C6C-4101-BC6A-E1B7C34D5E4A}"
EndProject
Project("{E53339B2-1760-4266-BCC7-CA923CBCF16C}") = "docker-compose", "docker-compose.dcproj", "{FB974F86-1429-45FB-846D-190A749E27D1}"
EndProject
Project("{2150E333-8FDC-42A3-9474-1A3956D46DE8}") = "Blazing.WebUi", "Blazing.WebUi", "{DDB98AD1-7B81-4476-BABE-66BB1C8BC5BE}"
EndProject
Project("{2150E333-8FDC-42A3-9474-1A3956D46DE8}") = "Blazing.infrastructure", "Blazing.infrastructure", "{8EDD322F-BDC3-442D-9388-638514D315CA}"
EndProject
Project("{9A19103F-16F7-4668-BE54-9A1E7A4F7556}") = "Blazing.Identity", "Blazing.infrastructure\Blazing.Identity\Blazing.Identity.csproj", "{3C171917-EBED-49B5-8C32-F8E9370E3536}"
EndProject
Project("{9A19103F-16F7-4668-BE54-9A1E7A4F7556}") = "Blazing.Ecommerce", "Blazing.infrastructure\Blazing.Ecommerce\Blazing.Ecommerce.csproj", "{0494D7B2-EA12-4DE1-8C61-3785DB6054DA}"
EndProject
Project("{2150E333-8FDC-42A3-9474-1A3956D46DE8}") = "Blazing.LoadTest", "Blazing.LoadTest", "{FBB643DE-96F5-4023-9397-DB208E425C2E}"
	ProjectSection(SolutionItems) = preProject
		Blazing.LoadTest\docker-compose.yml = Blazing.LoadTest\docker-compose.yml
		Blazing.LoadTest\index.js = Blazing.LoadTest\index.js
		Blazing.LoadTest\package-lock.json = Blazing.LoadTest\package-lock.json
		Blazing.LoadTest\package.json = Blazing.LoadTest\package.json
		Blazing.LoadTest\script.js = Blazing.LoadTest\script.js
	EndProjectSection
EndProject
Global
	GlobalSection(SolutionConfigurationPlatforms) = preSolution
		Debug|Any CPU = Debug|Any CPU
		Release|Any CPU = Release|Any CPU
	EndGlobalSection
	GlobalSection(ProjectConfigurationPlatforms) = postSolution
		{BCCFF25B-C8A8-448C-8851-E5179755E53B}.Debug|Any CPU.ActiveCfg = Debug|Any CPU
		{BCCFF25B-C8A8-448C-8851-E5179755E53B}.Debug|Any CPU.Build.0 = Debug|Any CPU
		{BCCFF25B-C8A8-448C-8851-E5179755E53B}.Release|Any CPU.ActiveCfg = Release|Any CPU
		{BCCFF25B-C8A8-448C-8851-E5179755E53B}.Release|Any CPU.Build.0 = Release|Any CPU
		{83186579-60B7-401B-A670-B1569755B198}.Debug|Any CPU.ActiveCfg = Debug|Any CPU
		{83186579-60B7-401B-A670-B1569755B198}.Debug|Any CPU.Build.0 = Debug|Any CPU
		{83186579-60B7-401B-A670-B1569755B198}.Release|Any CPU.ActiveCfg = Release|Any CPU
		{83186579-60B7-401B-A670-B1569755B198}.Release|Any CPU.Build.0 = Release|Any CPU
		{37727826-FE2A-4B5E-AFF2-FACB4C2873B0}.Debug|Any CPU.ActiveCfg = Debug|Any CPU
		{37727826-FE2A-4B5E-AFF2-FACB4C2873B0}.Debug|Any CPU.Build.0 = Debug|Any CPU
		{37727826-FE2A-4B5E-AFF2-FACB4C2873B0}.Release|Any CPU.ActiveCfg = Release|Any CPU
		{37727826-FE2A-4B5E-AFF2-FACB4C2873B0}.Release|Any CPU.Build.0 = Release|Any CPU
		{8033132F-8C6C-4101-BC6A-E1B7C34D5E4A}.Debug|Any CPU.ActiveCfg = Debug|Any CPU
		{8033132F-8C6C-4101-BC6A-E1B7C34D5E4A}.Debug|Any CPU.Build.0 = Debug|Any CPU
		{8033132F-8C6C-4101-BC6A-E1B7C34D5E4A}.Release|Any CPU.ActiveCfg = Release|Any CPU
		{8033132F-8C6C-4101-BC6A-E1B7C34D5E4A}.Release|Any CPU.Build.0 = Release|Any CPU
		{FB974F86-1429-45FB-846D-190A749E27D1}.Debug|Any CPU.ActiveCfg = Debug|Any CPU
		{FB974F86-1429-45FB-846D-190A749E27D1}.Debug|Any CPU.Build.0 = Debug|Any CPU
		{FB974F86-1429-45FB-846D-190A749E27D1}.Release|Any CPU.ActiveCfg = Release|Any CPU
		{FB974F86-1429-45FB-846D-190A749E27D1}.Release|Any CPU.Build.0 = Release|Any CPU
		{3C171917-EBED-49B5-8C32-F8E9370E3536}.Debug|Any CPU.ActiveCfg = Debug|Any CPU
		{3C171917-EBED-49B5-8C32-F8E9370E3536}.Debug|Any CPU.Build.0 = Debug|Any CPU
		{3C171917-EBED-49B5-8C32-F8E9370E3536}.Release|Any CPU.ActiveCfg = Release|Any CPU
		{3C171917-EBED-49B5-8C32-F8E9370E3536}.Release|Any CPU.Build.0 = Release|Any CPU
		{0494D7B2-EA12-4DE1-8C61-3785DB6054DA}.Debug|Any CPU.ActiveCfg = Debug|Any CPU
		{0494D7B2-EA12-4DE1-8C61-3785DB6054DA}.Debug|Any CPU.Build.0 = Debug|Any CPU
		{0494D7B2-EA12-4DE1-8C61-3785DB6054DA}.Release|Any CPU.ActiveCfg = Release|Any CPU
		{0494D7B2-EA12-4DE1-8C61-3785DB6054DA}.Release|Any CPU.Build.0 = Release|Any CPU
	EndGlobalSection
	GlobalSection(SolutionProperties) = preSolution
		HideSolutionNode = FALSE
	EndGlobalSection
	GlobalSection(NestedProjects) = preSolution
		{30F7DB35-F0D7-49F4-8208-804031E13B05} = {4018E3EB-248B-435C-A6FB-5DCE97E40C86}
		{BAB50E5E-5C9F-4A9E-80D6-F0A71EFB8667} = {4018E3EB-248B-435C-A6FB-5DCE97E40C86}
		{CEC8D4BB-423E-4168-99E1-220DCAE2D5DA} = {4018E3EB-248B-435C-A6FB-5DCE97E40C86}
		{BCCFF25B-C8A8-448C-8851-E5179755E53B} = {30F7DB35-F0D7-49F4-8208-804031E13B05}
		{83186579-60B7-401B-A670-B1569755B198} = {CEC8D4BB-423E-4168-99E1-220DCAE2D5DA}
		{37727826-FE2A-4B5E-AFF2-FACB4C2873B0} = {30F7DB35-F0D7-49F4-8208-804031E13B05}
		{8033132F-8C6C-4101-BC6A-E1B7C34D5E4A} = {BAB50E5E-5C9F-4A9E-80D6-F0A71EFB8667}
		{DDB98AD1-7B81-4476-BABE-66BB1C8BC5BE} = {4018E3EB-248B-435C-A6FB-5DCE97E40C86}
		{8EDD322F-BDC3-442D-9388-638514D315CA} = {4018E3EB-248B-435C-A6FB-5DCE97E40C86}
		{3C171917-EBED-49B5-8C32-F8E9370E3536} = {8EDD322F-BDC3-442D-9388-638514D315CA}
		{0494D7B2-EA12-4DE1-8C61-3785DB6054DA} = {8EDD322F-BDC3-442D-9388-638514D315CA}
		{FBB643DE-96F5-4023-9397-DB208E425C2E} = {4018E3EB-248B-435C-A6FB-5DCE97E40C86}
	EndGlobalSection
	GlobalSection(ExtensibilityGlobals) = postSolution
		SolutionGuid = {4788DC1A-A668-48EF-A2A5-BC53557EF6FB}
	EndGlobalSection
EndGlobal
